
Microsoft Visual Studio Solution File, Format Version 12.00
# Visual Studio Version 17
VisualStudioVersion = 17.8.34330.188
MinimumVisualStudioVersion = 10.0.40219.1
Project("{9A19103F-16F7-4668-BE54-9A1E7A4F7556}") = "AvioesUI", "Avioes\AvioesUI.csproj", "{9B34F61C-6A25-4279-891B-507D360F7DF9}"
EndProject
Project("{9A19103F-16F7-4668-BE54-9A1E7A4F7556}") = "AvioesLibrary", "AvioesLibrary\AvioesLibrary.csproj", "{BAF17A57-983B-4BB4-A764-651E7C00C1BB}"
EndProject
Global
	GlobalSection(SolutionConfigurationPlatforms) = preSolution
		Debug|Any CPU = Debug|Any CPU
		Release|Any CPU = Release|Any CPU
	EndGlobalSection
	GlobalSection(ProjectConfigurationPlatforms) = postSolution
		{9B34F61C-6A25-4279-891B-507D360F7DF9}.Debug|Any CPU.ActiveCfg = Debug|Any CPU
		{9B34F61C-6A25-4279-891B-507D360F7DF9}.Debug|Any CPU.Build.0 = Debug|Any CPU
		{9B34F61C-6A25-4279-891B-507D360F7DF9}.Release|Any CPU.ActiveCfg = Release|Any CPU
		{9B34F61C-6A25-4279-891B-507D360F7DF9}.Release|Any CPU.Build.0 = Release|Any CPU
		{BAF17A57-983B-4BB4-A764-651E7C00C1BB}.Debug|Any CPU.ActiveCfg = Debug|Any CPU
		{BAF17A57-983B-4BB4-A764-651E7C00C1BB}.Debug|Any CPU.Build.0 = Debug|Any CPU
		{BAF17A57-983B-4BB4-A764-651E7C00C1BB}.Release|Any CPU.ActiveCfg = Release|Any CPU
		{BAF17A57-983B-4BB4-A764-651E7C00C1BB}.Release|Any CPU.Build.0 = Release|Any CPU
	EndGlobalSection
	GlobalSection(SolutionProperties) = preSolution
		HideSolutionNode = FALSE
	EndGlobalSection
	GlobalSection(ExtensibilityGlobals) = postSolution
		SolutionGuid = {2CCFA78C-FC2B-442A-B634-DD0A07F5F116}
	EndGlobalSection
EndGlobal
